
Microsoft Visual Studio Solution File, Format Version 12.00
# Visual Studio Version 17
VisualStudioVersion = 17.8.34525.116
MinimumVisualStudioVersion = 10.0.40219.1
Project("{2150E333-8FDC-42A3-9474-1A3956D46DE8}") = "src", "src", "{BA283F86-6F15-4C1C-B749-DA365A4A7F64}"
EndProject
Project("{2150E333-8FDC-42A3-9474-1A3956D46DE8}") = "tests", "tests", "{16D19A95-9BE9-4E86-87A7-F64ACF25730D}"
EndProject
Project("{9A19103F-16F7-4668-BE54-9A1E7A4F7556}") = "TestIntegration.API", "src\TestIntegration.API\TestIntegration.API.csproj", "{4DADB362-D9C3-44C3-AA8F-B1E767826135}"
EndProject
Project("{9A19103F-16F7-4668-BE54-9A1E7A4F7556}") = "TestIntegration.Data", "src\TestIntegration.Data\TestIntegration.Data.csproj", "{B537D8ED-3E4E-426C-B451-7CBDD348BA6B}"
EndProject
Project("{9A19103F-16F7-4668-BE54-9A1E7A4F7556}") = "TestIntegration.Models", "src\TestIntegration.Model\TestIntegration.Models.csproj", "{9E45262E-FFE2-4802-B809-5F266EEB7872}"
EndProject
Project("{9A19103F-16F7-4668-BE54-9A1E7A4F7556}") = "TestIntegration.Service", "src\TestIntegration.Service\TestIntegration.Service.csproj", "{96DEA1B2-37CD-4A60-94E1-135A6337580B}"
EndProject
Project("{FAE04EC0-301F-11D3-BF4B-00C04F79EFBC}") = "TestIntegration.Service.TestUnit", "tests\TestIntegration.Service.TestUnit\TestIntegration.Service.TestUnit.csproj", "{51954B69-D6BD-4848-8AAF-9455626052A4}"
EndProject
Global
	GlobalSection(SolutionConfigurationPlatforms) = preSolution
		Debug|Any CPU = Debug|Any CPU
		Release|Any CPU = Release|Any CPU
	EndGlobalSection
	GlobalSection(ProjectConfigurationPlatforms) = postSolution
		{4DADB362-D9C3-44C3-AA8F-B1E767826135}.Debug|Any CPU.ActiveCfg = Debug|Any CPU
		{4DADB362-D9C3-44C3-AA8F-B1E767826135}.Debug|Any CPU.Build.0 = Debug|Any CPU
		{4DADB362-D9C3-44C3-AA8F-B1E767826135}.Release|Any CPU.ActiveCfg = Release|Any CPU
		{4DADB362-D9C3-44C3-AA8F-B1E767826135}.Release|Any CPU.Build.0 = Release|Any CPU
		{B537D8ED-3E4E-426C-B451-7CBDD348BA6B}.Debug|Any CPU.ActiveCfg = Debug|Any CPU
		{B537D8ED-3E4E-426C-B451-7CBDD348BA6B}.Debug|Any CPU.Build.0 = Debug|Any CPU
		{B537D8ED-3E4E-426C-B451-7CBDD348BA6B}.Release|Any CPU.ActiveCfg = Release|Any CPU
		{B537D8ED-3E4E-426C-B451-7CBDD348BA6B}.Release|Any CPU.Build.0 = Release|Any CPU
		{9E45262E-FFE2-4802-B809-5F266EEB7872}.Debug|Any CPU.ActiveCfg = Debug|Any CPU
		{9E45262E-FFE2-4802-B809-5F266EEB7872}.Debug|Any CPU.Build.0 = Debug|Any CPU
		{9E45262E-FFE2-4802-B809-5F266EEB7872}.Release|Any CPU.ActiveCfg = Release|Any CPU
		{9E45262E-FFE2-4802-B809-5F266EEB7872}.Release|Any CPU.Build.0 = Release|Any CPU
		{96DEA1B2-37CD-4A60-94E1-135A6337580B}.Debug|Any CPU.ActiveCfg = Debug|Any CPU
		{96DEA1B2-37CD-4A60-94E1-135A6337580B}.Debug|Any CPU.Build.0 = Debug|Any CPU
		{96DEA1B2-37CD-4A60-94E1-135A6337580B}.Release|Any CPU.ActiveCfg = Release|Any CPU
		{96DEA1B2-37CD-4A60-94E1-135A6337580B}.Release|Any CPU.Build.0 = Release|Any CPU
		{51954B69-D6BD-4848-8AAF-9455626052A4}.Debug|Any CPU.ActiveCfg = Debug|Any CPU
		{51954B69-D6BD-4848-8AAF-9455626052A4}.Debug|Any CPU.Build.0 = Debug|Any CPU
		{51954B69-D6BD-4848-8AAF-9455626052A4}.Release|Any CPU.ActiveCfg = Release|Any CPU
		{51954B69-D6BD-4848-8AAF-9455626052A4}.Release|Any CPU.Build.0 = Release|Any CPU
	EndGlobalSection
	GlobalSection(SolutionProperties) = preSolution
		HideSolutionNode = FALSE
	EndGlobalSection
	GlobalSection(NestedProjects) = preSolution
		{4DADB362-D9C3-44C3-AA8F-B1E767826135} = {BA283F86-6F15-4C1C-B749-DA365A4A7F64}
		{B537D8ED-3E4E-426C-B451-7CBDD348BA6B} = {BA283F86-6F15-4C1C-B749-DA365A4A7F64}
		{9E45262E-FFE2-4802-B809-5F266EEB7872} = {BA283F86-6F15-4C1C-B749-DA365A4A7F64}
		{96DEA1B2-37CD-4A60-94E1-135A6337580B} = {BA283F86-6F15-4C1C-B749-DA365A4A7F64}
		{51954B69-D6BD-4848-8AAF-9455626052A4} = {16D19A95-9BE9-4E86-87A7-F64ACF25730D}
	EndGlobalSection
	GlobalSection(ExtensibilityGlobals) = postSolution
		SolutionGuid = {CB0FB57D-D044-4850-808F-6B932A20A958}
	EndGlobalSection
EndGlobal
